
Microsoft Visual Studio Solution File, Format Version 12.00
# Visual Studio 15
VisualStudioVersion = 15.0.27428.2037
MinimumVisualStudioVersion = 10.0.40219.1
Project("{FAE04EC0-301F-11D3-BF4B-00C04F79EFBC}") = "DemoASP_Identity", "DemoASP_Identity\DemoASP_Identity.csproj", "{EB0FDB3F-366D-4D29-8F53-D06B664A075D}"
EndProject
Global
	GlobalSection(SolutionConfigurationPlatforms) = preSolution
		Debug|Any CPU = Debug|Any CPU
		Release|Any CPU = Release|Any CPU
	EndGlobalSection
	GlobalSection(ProjectConfigurationPlatforms) = postSolution
		{EB0FDB3F-366D-4D29-8F53-D06B664A075D}.Debug|Any CPU.ActiveCfg = Debug|Any CPU
		{EB0FDB3F-366D-4D29-8F53-D06B664A075D}.Debug|Any CPU.Build.0 = Debug|Any CPU
		{EB0FDB3F-366D-4D29-8F53-D06B664A075D}.Release|Any CPU.ActiveCfg = Release|Any CPU
		{EB0FDB3F-366D-4D29-8F53-D06B664A075D}.Release|Any CPU.Build.0 = Release|Any CPU
	EndGlobalSection
	GlobalSection(SolutionProperties) = preSolution
		HideSolutionNode = FALSE
	EndGlobalSection
	GlobalSection(ExtensibilityGlobals) = postSolution
		SolutionGuid = {43DB447B-3EC2-4435-AE88-5ED186575BA5}
	EndGlobalSection
EndGlobal
